
Microsoft Visual Studio Solution File, Format Version 12.00
# Visual Studio Version 17
VisualStudioVersion = 17.7.34031.279
MinimumVisualStudioVersion = 10.0.40219.1
Project("{FAE04EC0-301F-11D3-BF4B-00C04F79EFBC}") = "DelegatesAndEvents", "DelegatesAndEvents.csproj", "{16409AE7-EA17-4E30-BB58-8845859B4D7C}"
EndProject
Global
	GlobalSection(SolutionConfigurationPlatforms) = preSolution
		Debug|Any CPU = Debug|Any CPU
		Release|Any CPU = Release|Any CPU
	EndGlobalSection
	GlobalSection(ProjectConfigurationPlatforms) = postSolution
		{16409AE7-EA17-4E30-BB58-8845859B4D7C}.Debug|Any CPU.ActiveCfg = Debug|Any CPU
		{16409AE7-EA17-4E30-BB58-8845859B4D7C}.Debug|Any CPU.Build.0 = Debug|Any CPU
		{16409AE7-EA17-4E30-BB58-8845859B4D7C}.Release|Any CPU.ActiveCfg = Release|Any CPU
		{16409AE7-EA17-4E30-BB58-8845859B4D7C}.Release|Any CPU.Build.0 = Release|Any CPU
	EndGlobalSection
	GlobalSection(SolutionProperties) = preSolution
		HideSolutionNode = FALSE
	EndGlobalSection
	GlobalSection(ExtensibilityGlobals) = postSolution
		SolutionGuid = {681870CE-1D3B-4F80-8687-5845259F6F09}
	EndGlobalSection
EndGlobal
